// !$*UTF8*$!
{
	archiveVersion = 1;
	classes = {
	};
	objectVersion = 46;
	objects = {

/* Begin PBXBuildFile section */
		234E62031B752728003DE14C /* AppDelegate.swift in Sources */ = {isa = PBXBuildFile; fileRef = 234E62021B752728003DE14C /* AppDelegate.swift */; };
		234E62051B752728003DE14C /* ViewController.swift in Sources */ = {isa = PBXBuildFile; fileRef = 234E62041B752728003DE14C /* ViewController.swift */; };
		234E62081B752728003DE14C /* Main.storyboard in Resources */ = {isa = PBXBuildFile; fileRef = 234E62061B752728003DE14C /* Main.storyboard */; };
		234E620B1B752728003DE14C /* Time.xcdatamodeld in Sources */ = {isa = PBXBuildFile; fileRef = 234E62091B752728003DE14C /* Time.xcdatamodeld */; };
		234E620D1B752728003DE14C /* Assets.xcassets in Resources */ = {isa = PBXBuildFile; fileRef = 234E620C1B752728003DE14C /* Assets.xcassets */; };
		234E62101B752728003DE14C /* LaunchScreen.storyboard in Resources */ = {isa = PBXBuildFile; fileRef = 234E620E1B752728003DE14C /* LaunchScreen.storyboard */; };
		234E621B1B752728003DE14C /* TimeTests.swift in Sources */ = {isa = PBXBuildFile; fileRef = 234E621A1B752728003DE14C /* TimeTests.swift */; };
		234E62261B752728003DE14C /* TimeUITests.swift in Sources */ = {isa = PBXBuildFile; fileRef = 234E62251B752728003DE14C /* TimeUITests.swift */; };
/* End PBXBuildFile section */

/* Begin PBXContainerItemProxy section */
		234E62171B752728003DE14C /* PBXContainerItemProxy */ = {
			isa = PBXContainerItemProxy;
			containerPortal = 234E61F71B752727003DE14C /* Project object */;
			proxyType = 1;
			remoteGlobalIDString = 234E61FE1B752727003DE14C;
			remoteInfo = Time;
		};
		234E62221B752728003DE14C /* PBXContainerItemProxy */ = {
			isa = PBXContainerItemProxy;
			containerPortal = 234E61F71B752727003DE14C /* Project object */;
			proxyType = 1;
			remoteGlobalIDString = 234E61FE1B752727003DE14C;
			remoteInfo = Time;
		};
/* End PBXContainerItemProxy section */

/* Begin PBXFileReference section */
		234E61FF1B752727003DE14C /* Time.app */ = {isa = PBXFileReference; explicitFileType = wrapper.application; includeInIndex = 0; path = Time.app; sourceTree = BUILT_PRODUCTS_DIR; };
		234E62021B752728003DE14C /* AppDelegate.swift */ = {isa = PBXFileReference; lastKnownFileType = sourcecode.swift; path = AppDelegate.swift; sourceTree = "<group>"; };
		234E62041B752728003DE14C /* ViewController.swift */ = {isa = PBXFileReference; lastKnownFileType = sourcecode.swift; path = ViewController.swift; sourceTree = "<group>"; };
		234E62071B752728003DE14C /* Base */ = {isa = PBXFileReference; lastKnownFileType = file.storyboard; name = Base; path = Base.lproj/Main.storyboard; sourceTree = "<group>"; };
		234E620A1B752728003DE14C /* Time.xcdatamodel */ = {isa = PBXFileReference; lastKnownFileType = wrapper.xcdatamodel; path = Time.xcdatamodel; sourceTree = "<group>"; };
		234E620C1B752728003DE14C /* Assets.xcassets */ = {isa = PBXFileReference; lastKnownFileType = folder.assetcatalog; path = Assets.xcassets; sourceTree = "<group>"; };
		234E620F1B752728003DE14C /* Base */ = {isa = PBXFileReference; lastKnownFileType = file.storyboard; name = Base; path = Base.lproj/LaunchScreen.storyboard; sourceTree = "<group>"; };
		234E62111B752728003DE14C /* Info.plist */ = {isa = PBXFileReference; lastKnownFileType = text.plist.xml; path = Info.plist; sourceTree = "<group>"; };
		234E62161B752728003DE14C /* TimeTests.xctest */ = {isa = PBXFileReference; explicitFileType = wrapper.cfbundle; includeInIndex = 0; path = TimeTests.xctest; sourceTree = BUILT_PRODUCTS_DIR; };
		234E621A1B752728003DE14C /* TimeTests.swift */ = {isa = PBXFileReference; lastKnownFileType = sourcecode.swift; path = TimeTests.swift; sourceTree = "<group>"; };
		234E621C1B752728003DE14C /* Info.plist */ = {isa = PBXFileReference; lastKnownFileType = text.plist.xml; path = Info.plist; sourceTree = "<group>"; };
		234E62211B752728003DE14C /* TimeUITests.xctest */ = {isa = PBXFileReference; explicitFileType = wrapper.cfbundle; includeInIndex = 0; path = TimeUITests.xctest; sourceTree = BUILT_PRODUCTS_DIR; };
		234E62251B752728003DE14C /* TimeUITests.swift */ = {isa = PBXFileReference; lastKnownFileType = sourcecode.swift; path = TimeUITests.swift; sourceTree = "<group>"; };
		234E62271B752728003DE14C /* Info.plist */ = {isa = PBXFileReference; lastKnownFileType = text.plist.xml; path = Info.plist; sourceTree = "<group>"; };
/* End PBXFileReference section */

/* Begin PBXFrameworksBuildPhase section */
		234E61FC1B752727003DE14C /* Frameworks */ = {
			isa = PBXFrameworksBuildPhase;
			buildActionMask = 2147483647;
			files = (
			);
			runOnlyForDeploymentPostprocessing = 0;
		};
		234E62131B752728003DE14C /* Frameworks */ = {
			isa = PBXFrameworksBuildPhase;
			buildActionMask = 2147483647;
			files = (
			);
			runOnlyForDeploymentPostprocessing = 0;
		};
		234E621E1B752728003DE14C /* Frameworks */ = {
			isa = PBXFrameworksBuildPhase;
			buildActionMask = 2147483647;
			files = (
			);
			runOnlyForDeploymentPostprocessing = 0;
		};
/* End PBXFrameworksBuildPhase section */

/* Begin PBXGroup section */
		234E61F61B752727003DE14C = {
			isa = PBXGroup;
			children = (
				234E62011B752727003DE14C /* Time */,
				234E62191B752728003DE14C /* TimeTests */,
				234E62241B752728003DE14C /* TimeUITests */,
				234E62001B752727003DE14C /* Products */,
			);
			sourceTree = "<group>";
		};
		234E62001B752727003DE14C /* Products */ = {
			isa = PBXGroup;
			children = (
				234E61FF1B752727003DE14C /* Time.app */,
				234E62161B752728003DE14C /* TimeTests.xctest */,
				234E62211B752728003DE14C /* TimeUITests.xctest */,
			);
			name = Products;
			sourceTree = "<group>";
		};
		234E62011B752727003DE14C /* Time */ = {
			isa = PBXGroup;
			children = (
				234E62021B752728003DE14C /* AppDelegate.swift */,
				234E62041B752728003DE14C /* ViewController.swift */,
				234E62061B752728003DE14C /* Main.storyboard */,
				234E620C1B752728003DE14C /* Assets.xcassets */,
				234E620E1B752728003DE14C /* LaunchScreen.storyboard */,
				234E62111B752728003DE14C /* Info.plist */,
				234E62091B752728003DE14C /* Time.xcdatamodeld */,
			);
			path = Time;
			sourceTree = "<group>";
		};
		234E62191B752728003DE14C /* TimeTests */ = {
			isa = PBXGroup;
			children = (
				234E621A1B752728003DE14C /* TimeTests.swift */,
				234E621C1B752728003DE14C /* Info.plist */,
			);
			path = TimeTests;
			sourceTree = "<group>";
		};
		234E62241B752728003DE14C /* TimeUITests */ = {
			isa = PBXGroup;
			children = (
				234E62251B752728003DE14C /* TimeUITests.swift */,
				234E62271B752728003DE14C /* Info.plist */,
			);
			path = TimeUITests;
			sourceTree = "<group>";
		};
/* End PBXGroup section */

/* Begin PBXNativeTarget section */
		234E61FE1B752727003DE14C /* Time */ = {
			isa = PBXNativeTarget;
			buildConfigurationList = 234E622A1B752728003DE14C /* Build configuration list for PBXNativeTarget "Time" */;
			buildPhases = (
				234E61FB1B752727003DE14C /* Sources */,
				234E61FC1B752727003DE14C /* Frameworks */,
				234E61FD1B752727003DE14C /* Resources */,
			);
			buildRules = (
			);
			dependencies = (
			);
			name = Time;
			productName = Time;
			productReference = 234E61FF1B752727003DE14C /* Time.app */;
			productType = "com.apple.product-type.application";
		};
		234E62151B752728003DE14C /* TimeTests */ = {
			isa = PBXNativeTarget;
			buildConfigurationList = 234E622D1B752728003DE14C /* Build configuration list for PBXNativeTarget "TimeTests" */;
			buildPhases = (
				234E62121B752728003DE14C /* Sources */,
				234E62131B752728003DE14C /* Frameworks */,
				234E62141B752728003DE14C /* Resources */,
			);
			buildRules = (
			);
			dependencies = (
				234E62181B752728003DE14C /* PBXTargetDependency */,
			);
			name = TimeTests;
			productName = TimeTests;
			productReference = 234E62161B752728003DE14C /* TimeTests.xctest */;
			productType = "com.apple.product-type.bundle.unit-test";
		};
		234E62201B752728003DE14C /* TimeUITests */ = {
			isa = PBXNativeTarget;
			buildConfigurationList = 234E62301B752728003DE14C /* Build configuration list for PBXNativeTarget "TimeUITests" */;
			buildPhases = (
				234E621D1B752728003DE14C /* Sources */,
				234E621E1B752728003DE14C /* Frameworks */,
				234E621F1B752728003DE14C /* Resources */,
			);
			buildRules = (
			);
			dependencies = (
				234E62231B752728003DE14C /* PBXTargetDependency */,
			);
			name = TimeUITests;
			productName = TimeUITests;
			productReference = 234E62211B752728003DE14C /* TimeUITests.xctest */;
			productType = "com.apple.product-type.bundle.ui-testing";
		};
/* End PBXNativeTarget section */

/* Begin PBXProject section */
		234E61F71B752727003DE14C /* Project object */ = {
			isa = PBXProject;
			attributes = {
				LastUpgradeCheck = 0700;
				ORGANIZATIONNAME = "Benjamin Heutmaker";
				TargetAttributes = {
					234E61FE1B752727003DE14C = {
						CreatedOnToolsVersion = 7.0;
					};
					234E62151B752728003DE14C = {
						CreatedOnToolsVersion = 7.0;
						TestTargetID = 234E61FE1B752727003DE14C;
					};
					234E62201B752728003DE14C = {
						CreatedOnToolsVersion = 7.0;
						TestTargetID = 234E61FE1B752727003DE14C;
					};
				};
			};
			buildConfigurationList = 234E61FA1B752727003DE14C /* Build configuration list for PBXProject "Time" */;
			compatibilityVersion = "Xcode 3.2";
			developmentRegion = English;
			hasScannedForEncodings = 0;
			knownRegions = (
				en,
				Base,
			);
			mainGroup = 234E61F61B752727003DE14C;
			productRefGroup = 234E62001B752727003DE14C /* Products */;
			projectDirPath = "";
			projectRoot = "";
			targets = (
				234E61FE1B752727003DE14C /* Time */,
				234E62151B752728003DE14C /* TimeTests */,
				234E62201B752728003DE14C /* TimeUITests */,
			);
		};
/* End PBXProject section */

/* Begin PBXResourcesBuildPhase section */
		234E61FD1B752727003DE14C /* Resources */ = {
			isa = PBXResourcesBuildPhase;
			buildActionMask = 2147483647;
			files = (
				234E62101B752728003DE14C /* LaunchScreen.storyboard in Resources */,
				234E620D1B752728003DE14C /* Assets.xcassets in Resources */,
				234E62081B752728003DE14C /* Main.storyboard in Resources */,
			);
			runOnlyForDeploymentPostprocessing = 0;
		};
		234E62141B752728003DE14C /* Resources */ = {
			isa = PBXResourcesBuildPhase;
			buildActionMask = 2147483647;
			files = (
			);
			runOnlyForDeploymentPostprocessing = 0;
		};
		234E621F1B752728003DE14C /* Resources */ = {
			isa = PBXResourcesBuildPhase;
			buildActionMask = 2147483647;
			files = (
			);
			runOnlyForDeploymentPostprocessing = 0;
		};
/* End PBXResourcesBuildPhase section */

/* Begin PBXSourcesBuildPhase section */
		234E61FB1B752727003DE14C /* Sources */ = {
			isa = PBXSourcesBuildPhase;
			buildActionMask = 2147483647;
			files = (
				234E620B1B752728003DE14C /* Time.xcdatamodeld in Sources */,
				234E62051B752728003DE14C /* ViewController.swift in Sources */,
				234E62031B752728003DE14C /* AppDelegate.swift in Sources */,
			);
			runOnlyForDeploymentPostprocessing = 0;
		};
		234E62121B752728003DE14C /* Sources */ = {
			isa = PBXSourcesBuildPhase;
			buildActionMask = 2147483647;
			files = (
				234E621B1B752728003DE14C /* TimeTests.swift in Sources */,
			);
			runOnlyForDeploymentPostprocessing = 0;
		};
		234E621D1B752728003DE14C /* Sources */ = {
			isa = PBXSourcesBuildPhase;
			buildActionMask = 2147483647;
			files = (
				234E62261B752728003DE14C /* TimeUITests.swift in Sources */,
			);
			runOnlyForDeploymentPostprocessing = 0;
		};
/* End PBXSourcesBuildPhase section */

/* Begin PBXTargetDependency section */
		234E62181B752728003DE14C /* PBXTargetDependency */ = {
			isa = PBXTargetDependency;
			target = 234E61FE1B752727003DE14C /* Time */;
			targetProxy = 234E62171B752728003DE14C /* PBXContainerItemProxy */;
		};
		234E62231B752728003DE14C /* PBXTargetDependency */ = {
			isa = PBXTargetDependency;
			target = 234E61FE1B752727003DE14C /* Time */;
			targetProxy = 234E62221B752728003DE14C /* PBXContainerItemProxy */;
		};
/* End PBXTargetDependency section */

/* Begin PBXVariantGroup section */
		234E62061B752728003DE14C /* Main.storyboard */ = {
			isa = PBXVariantGroup;
			children = (
				234E62071B752728003DE14C /* Base */,
			);
			name = Main.storyboard;
			sourceTree = "<group>";
		};
		234E620E1B752728003DE14C /* LaunchScreen.storyboard */ = {
			isa = PBXVariantGroup;
			children = (
				234E620F1B752728003DE14C /* Base */,
			);
			name = LaunchScreen.storyboard;
			sourceTree = "<group>";
		};
/* End PBXVariantGroup section */

/* Begin XCBuildConfiguration section */
		234E62281B752728003DE14C /* Debug */ = {
			isa = XCBuildConfiguration;
			buildSettings = {
				ALWAYS_SEARCH_USER_PATHS = NO;
				CLANG_CXX_LANGUAGE_STANDARD = "gnu++0x";
				CLANG_CXX_LIBRARY = "libc++";
				CLANG_ENABLE_MODULES = YES;
				CLANG_ENABLE_OBJC_ARC = YES;
				CLANG_WARN_BOOL_CONVERSION = YES;
				CLANG_WARN_CONSTANT_CONVERSION = YES;
				CLANG_WARN_DIRECT_OBJC_ISA_USAGE = YES_ERROR;
				CLANG_WARN_EMPTY_BODY = YES;
				CLANG_WARN_ENUM_CONVERSION = YES;
				CLANG_WARN_INT_CONVERSION = YES;
				CLANG_WARN_OBJC_ROOT_CLASS = YES_ERROR;
				CLANG_WARN_UNREACHABLE_CODE = YES;
				CLANG_WARN__DUPLICATE_METHOD_MATCH = YES;
				"CODE_SIGN_IDENTITY[sdk=iphoneos*]" = "iPhone Developer";
				COPY_PHASE_STRIP = NO;
				DEBUG_INFORMATION_FORMAT = dwarf;
				ENABLE_STRICT_OBJC_MSGSEND = YES;
				ENABLE_TESTABILITY = YES;
				GCC_C_LANGUAGE_STANDARD = gnu99;
				GCC_DYNAMIC_NO_PIC = NO;
				GCC_NO_COMMON_BLOCKS = YES;
				GCC_OPTIMIZATION_LEVEL = 0;
				GCC_PREPROCESSOR_DEFINITIONS = (
					"DEBUG=1",
					"$(inherited)",
				);
				GCC_WARN_64_TO_32_BIT_CONVERSION = YES;
				GCC_WARN_ABOUT_RETURN_TYPE = YES_ERROR;
				GCC_WARN_UNDECLARED_SELECTOR = YES;
				GCC_WARN_UNINITIALIZED_AUTOS = YES_AGGRESSIVE;
				GCC_WARN_UNUSED_FUNCTION = YES;
				GCC_WARN_UNUSED_VARIABLE = YES;
				IPHONEOS_DEPLOYMENT_TARGET = 9.0;
				MTL_ENABLE_DEBUG_INFO = YES;
				ONLY_ACTIVE_ARCH = YES;
				SDKROOT = iphoneos;
				SWIFT_OPTIMIZATION_LEVEL = "-Onone";
			};
			name = Debug;
		};
		234E62291B752728003DE14C /* Release */ = {
			isa = XCBuildConfiguration;
			buildSettings = {
				ALWAYS_SEARCH_USER_PATHS = NO;
				CLANG_CXX_LANGUAGE_STANDARD = "gnu++0x";
				CLANG_CXX_LIBRARY = "libc++";
				CLANG_ENABLE_MODULES = YES;
				CLANG_ENABLE_OBJC_ARC = YES;
				CLANG_WARN_BOOL_CONVERSION = YES;
				CLANG_WARN_CONSTANT_CONVERSION = YES;
				CLANG_WARN_DIRECT_OBJC_ISA_USAGE = YES_ERROR;
				CLANG_WARN_EMPTY_BODY = YES;
				CLANG_WARN_ENUM_CONVERSION = YES;
				CLANG_WARN_INT_CONVERSION = YES;
				CLANG_WARN_OBJC_ROOT_CLASS = YES_ERROR;
				CLANG_WARN_UNREACHABLE_CODE = YES;
				CLANG_WARN__DUPLICATE_METHOD_MATCH = YES;
				"CODE_SIGN_IDENTITY[sdk=iphoneos*]" = "iPhone Developer";
				COPY_PHASE_STRIP = NO;
				DEBUG_INFORMATION_FORMAT = "dwarf-with-dsym";
				ENABLE_NS_ASSERTIONS = NO;
				ENABLE_STRICT_OBJC_MSGSEND = YES;
				GCC_C_LANGUAGE_STANDARD = gnu99;
				GCC_NO_COMMON_BLOCKS = YES;
				GCC_WARN_64_TO_32_BIT_CONVERSION = YES;
				GCC_WARN_ABOUT_RETURN_TYPE = YES_ERROR;
				GCC_WARN_UNDECLARED_SELECTOR = YES;
				GCC_WARN_UNINITIALIZED_AUTOS = YES_AGGRESSIVE;
				GCC_WARN_UNUSED_FUNCTION = YES;
				GCC_WARN_UNUSED_VARIABLE = YES;
				IPHONEOS_DEPLOYMENT_TARGET = 9.0;
				MTL_ENABLE_DEBUG_INFO = NO;
				SDKROOT = iphoneos;
				VALIDATE_PRODUCT = YES;
			};
			name = Release;
		};
		234E622B1B752728003DE14C /* Debug */ = {
			isa = XCBuildConfiguration;
			buildSettings = {
				ASSETCATALOG_COMPILER_APPICON_NAME = AppIcon;
				INFOPLIST_FILE = Time/Info.plist;
				LD_RUNPATH_SEARCH_PATHS = "$(inherited) @executable_path/Frameworks";
				PRODUCT_BUNDLE_IDENTIFIER = SalonCreative.Time;
				PRODUCT_NAME = "$(TARGET_NAME)";
			};
			name = Debug;
		};
		234E622C1B752728003DE14C /* Release */ = {
			isa = XCBuildConfiguration;
			buildSettings = {
				ASSETCATALOG_COMPILER_APPICON_NAME = AppIcon;
				INFOPLIST_FILE = Time/Info.plist;
				LD_RUNPATH_SEARCH_PATHS = "$(inherited) @executable_path/Frameworks";
				PRODUCT_BUNDLE_IDENTIFIER = SalonCreative.Time;
				PRODUCT_NAME = "$(TARGET_NAME)";
			};
			name = Release;
		};
		234E622E1B752728003DE14C /* Debug */ = {
			isa = XCBuildConfiguration;
			buildSettings = {
				BUNDLE_LOADER = "$(TEST_HOST)";
				INFOPLIST_FILE = TimeTests/Info.plist;
				LD_RUNPATH_SEARCH_PATHS = "$(inherited) @executable_path/Frameworks @loader_path/Frameworks";
				PRODUCT_BUNDLE_IDENTIFIER = SalonCreative.TimeTests;
				PRODUCT_NAME = "$(TARGET_NAME)";
				TEST_HOST = "$(BUILT_PRODUCTS_DIR)/Time.app/Time";
			};
			name = Debug;
		};
		234E622F1B752728003DE14C /* Release */ = {
			isa = XCBuildConfiguration;
			buildSettings = {
				BUNDLE_LOADER = "$(TEST_HOST)";
				INFOPLIST_FILE = TimeTests/Info.plist;
				LD_RUNPATH_SEARCH_PATHS = "$(inherited) @executable_path/Frameworks @loader_path/Frameworks";
				PRODUCT_BUNDLE_IDENTIFIER = SalonCreative.TimeTests;
				PRODUCT_NAME = "$(TARGET_NAME)";
				TEST_HOST = "$(BUILT_PRODUCTS_DIR)/Time.app/Time";
			};
			name = Release;
		};
		234E62311B752728003DE14C /* Debug */ = {
			isa = XCBuildConfiguration;
			buildSettings = {
				INFOPLIST_FILE = TimeUITests/Info.plist;
				LD_RUNPATH_SEARCH_PATHS = "$(inherited) @executable_path/Frameworks @loader_path/Frameworks";
				PRODUCT_BUNDLE_IDENTIFIER = SalonCreative.TimeUITests;
				PRODUCT_NAME = "$(TARGET_NAME)";
				TEST_TARGET_NAME = Time;
				USES_XCTRUNNER = YES;
			};
			name = Debug;
		};
		234E62321B752728003DE14C /* Release */ = {
			isa = XCBuildConfiguration;
			buildSettings = {
				INFOPLIST_FILE = TimeUITests/Info.plist;
				LD_RUNPATH_SEARCH_PATHS = "$(inherited) @executable_path/Frameworks @loader_path/Frameworks";
				PRODUCT_BUNDLE_IDENTIFIER = SalonCreative.TimeUITests;
				PRODUCT_NAME = "$(TARGET_NAME)";
				TEST_TARGET_NAME = Time;
				USES_XCTRUNNER = YES;
			};
			name = Release;
		};
/* End XCBuildConfiguration section */

/* Begin XCConfigurationList section */
		234E61FA1B752727003DE14C /* Build configuration list for PBXProject "Time" */ = {
			isa = XCConfigurationList;
			buildConfigurations = (
				234E62281B752728003DE14C /* Debug */,
				234E62291B752728003DE14C /* Release */,
			);
			defaultConfigurationIsVisible = 0;
			defaultConfigurationName = Release;
		};
		234E622A1B752728003DE14C /* Build configuration list for PBXNativeTarget "Time" */ = {
			isa = XCConfigurationList;
			buildConfigurations = (
				234E622B1B752728003DE14C /* Debug */,
				234E622C1B752728003DE14C /* Release */,
			);
			defaultConfigurationIsVisible = 0;
		};
		234E622D1B752728003DE14C /* Build configuration list for PBXNativeTarget "TimeTests" */ = {
			isa = XCConfigurationList;
			buildConfigurations = (
				234E622E1B752728003DE14C /* Debug */,
				234E622F1B752728003DE14C /* Release */,
			);
			defaultConfigurationIsVisible = 0;
		};
		234E62301B752728003DE14C /* Build configuration list for PBXNativeTarget "TimeUITests" */ = {
			isa = XCConfigurationList;
			buildConfigurations = (
				234E62311B752728003DE14C /* Debug */,
				234E62321B752728003DE14C /* Release */,
			);
			defaultConfigurationIsVisible = 0;
		};
/* End XCConfigurationList section */

/* Begin XCVersionGroup section */
		234E62091B752728003DE14C /* Time.xcdatamodeld */ = {
			isa = XCVersionGroup;
			children = (
				234E620A1B752728003DE14C /* Time.xcdatamodel */,
			);
			currentVersion = 234E620A1B752728003DE14C /* Time.xcdatamodel */;
			path = Time.xcdatamodeld;
			sourceTree = "<group>";
			versionGroupType = wrapper.xcdatamodel;
		};
/* End XCVersionGroup section */
	};
	rootObject = 234E61F71B752727003DE14C /* Project object */;
}
